// !$*UTF8*$!
{
	archiveVersion = 1;
	classes = {
	};
	objectVersion = 46;
	objects = {

/* Begin PBXBuildFile section */
		7904C5571E8D50DA004B51C1 /* LoginController.m in Sources */ = {isa = PBXBuildFile; fileRef = 7904C5551E8D50DA004B51C1 /* LoginController.m */; };
		7904C5581E8D50DA004B51C1 /* LoginController.xib in Resources */ = {isa = PBXBuildFile; fileRef = 7904C5561E8D50DA004B51C1 /* LoginController.xib */; };
		7904C55D1E8E9071004B51C1 /* StoredDataManager.m in Sources */ = {isa = PBXBuildFile; fileRef = 7904C55C1E8E9071004B51C1 /* StoredDataManager.m */; };
		7994BD8D1EAA4F69007A8641 /* SnackBarView.m in Sources */ = {isa = PBXBuildFile; fileRef = 7994BD8C1EAA4F69007A8641 /* SnackBarView.m */; };
		79E404111E896EFE00B92988 /* LaunchScreen.storyboard in Resources */ = {isa = PBXBuildFile; fileRef = 79E4040F1E896EFE00B92988 /* LaunchScreen.storyboard */; };
		79E404171E896F0E00B92988 /* AppDelegate.m in Sources */ = {isa = PBXBuildFile; fileRef = 79E404131E896F0E00B92988 /* AppDelegate.m */; };
		79E404191E896F0E00B92988 /* main.m in Sources */ = {isa = PBXBuildFile; fileRef = 79E404151E896F0E00B92988 /* main.m */; };
		79E4041A1E896F0E00B92988 /* Assets.xcassets in Resources */ = {isa = PBXBuildFile; fileRef = 79E404161E896F0E00B92988 /* Assets.xcassets */; };
		79E4042B1E896F3700B92988 /* ConsoStore.m in Sources */ = {isa = PBXBuildFile; fileRef = 79E4041C1E896F3700B92988 /* ConsoStore.m */; };
		79E4042C1E896F3700B92988 /* JSONHelper.m in Sources */ = {isa = PBXBuildFile; fileRef = 79E4041F1E896F3700B92988 /* JSONHelper.m */; };
		79E404311E896F3700B92988 /* Conso.m in Sources */ = {isa = PBXBuildFile; fileRef = 79E404271E896F3700B92988 /* Conso.m */; };
		79E404321E896F3700B92988 /* ViewHelper2.m in Sources */ = {isa = PBXBuildFile; fileRef = 79E4042A1E896F3700B92988 /* ViewHelper2.m */; };
		79E4043B1E89746300B92988 /* Bill.m in Sources */ = {isa = PBXBuildFile; fileRef = 79E4043A1E89746300B92988 /* Bill.m */; };
		79E404401E8A6DAB00B92988 /* ConsoController.m in Sources */ = {isa = PBXBuildFile; fileRef = 79E4043E1E8A6DAB00B92988 /* ConsoController.m */; };
		79E404411E8A6DAB00B92988 /* ConsoController.xib in Resources */ = {isa = PBXBuildFile; fileRef = 79E4043F1E8A6DAB00B92988 /* ConsoController.xib */; };
		79E404441E8A718C00B92988 /* ConsoManager.m in Sources */ = {isa = PBXBuildFile; fileRef = 79E404431E8A718C00B92988 /* ConsoManager.m */; };
		79EB881E1E8C57C2007CA100 /* ConsoCell.m in Sources */ = {isa = PBXBuildFile; fileRef = 79EB881C1E8C57C1007CA100 /* ConsoCell.m */; };
		79EB881F1E8C57C2007CA100 /* ConsoCell.xib in Resources */ = {isa = PBXBuildFile; fileRef = 79EB881D1E8C57C1007CA100 /* ConsoCell.xib */; };
		8DCA4CC3CFCD7E95ECE1F37D /* libPods-Free.a in Frameworks */ = {isa = PBXBuildFile; fileRef = 5A43548E9D5A9DF427C93177 /* libPods-Free.a */; };
/* End PBXBuildFile section */

/* Begin PBXCopyFilesBuildPhase section */
		794D91131E7D8020001CAD4F /* Embed Frameworks */ = {
			isa = PBXCopyFilesBuildPhase;
			buildActionMask = 2147483647;
			dstPath = "";
			dstSubfolderSpec = 10;
			files = (
			);
			name = "Embed Frameworks";
			runOnlyForDeploymentPostprocessing = 0;
		};
/* End PBXCopyFilesBuildPhase section */

/* Begin PBXFileReference section */
		32C8D8F740B53C7A1C3BF424 /* Pods-Free.release.xcconfig */ = {isa = PBXFileReference; includeInIndex = 1; lastKnownFileType = text.xcconfig; name = "Pods-Free.release.xcconfig"; path = "Pods/Target Support Files/Pods-Free/Pods-Free.release.xcconfig"; sourceTree = "<group>"; };
		5A43548E9D5A9DF427C93177 /* libPods-Free.a */ = {isa = PBXFileReference; explicitFileType = archive.ar; includeInIndex = 0; path = "libPods-Free.a"; sourceTree = BUILT_PRODUCTS_DIR; };
		7904C5541E8D50DA004B51C1 /* LoginController.h */ = {isa = PBXFileReference; fileEncoding = 4; lastKnownFileType = sourcecode.c.h; name = LoginController.h; path = Free/Classes/LoginController.h; sourceTree = "<group>"; };
		7904C5551E8D50DA004B51C1 /* LoginController.m */ = {isa = PBXFileReference; fileEncoding = 4; lastKnownFileType = sourcecode.c.objc; name = LoginController.m; path = Free/Classes/LoginController.m; sourceTree = "<group>"; };
		7904C5561E8D50DA004B51C1 /* LoginController.xib */ = {isa = PBXFileReference; fileEncoding = 4; lastKnownFileType = file.xib; name = LoginController.xib; path = Free/Classes/LoginController.xib; sourceTree = "<group>"; };
		7904C55B1E8E9071004B51C1 /* StoredDataManager.h */ = {isa = PBXFileReference; fileEncoding = 4; lastKnownFileType = sourcecode.c.h; name = StoredDataManager.h; path = Free/Classes/StoredDataManager.h; sourceTree = "<group>"; };
		7904C55C1E8E9071004B51C1 /* StoredDataManager.m */ = {isa = PBXFileReference; fileEncoding = 4; lastKnownFileType = sourcecode.c.objc; name = StoredDataManager.m; path = Free/Classes/StoredDataManager.m; sourceTree = "<group>"; };
		7994BD8B1EAA4F69007A8641 /* SnackBarView.h */ = {isa = PBXFileReference; fileEncoding = 4; lastKnownFileType = sourcecode.c.h; name = SnackBarView.h; path = Free/Classes/SnackBarView.h; sourceTree = "<group>"; };
		7994BD8C1EAA4F69007A8641 /* SnackBarView.m */ = {isa = PBXFileReference; fileEncoding = 4; lastKnownFileType = sourcecode.c.objc; name = SnackBarView.m; path = Free/Classes/SnackBarView.m; sourceTree = "<group>"; };
		79E404101E896EFE00B92988 /* Base */ = {isa = PBXFileReference; lastKnownFileType = file.storyboard; name = Base; path = Free/Base.lproj/LaunchScreen.storyboard; sourceTree = "<group>"; };
		79E404121E896F0E00B92988 /* AppDelegate.h */ = {isa = PBXFileReference; fileEncoding = 4; lastKnownFileType = sourcecode.c.h; name = AppDelegate.h; path = Free/AppDelegate.h; sourceTree = "<group>"; };
		79E404131E896F0E00B92988 /* AppDelegate.m */ = {isa = PBXFileReference; fileEncoding = 4; lastKnownFileType = sourcecode.c.objc; name = AppDelegate.m; path = Free/AppDelegate.m; sourceTree = "<group>"; };
		79E404141E896F0E00B92988 /* Info.plist */ = {isa = PBXFileReference; fileEncoding = 4; lastKnownFileType = text.plist.xml; name = Info.plist; path = Free/Info.plist; sourceTree = "<group>"; };
		79E404151E896F0E00B92988 /* main.m */ = {isa = PBXFileReference; fileEncoding = 4; lastKnownFileType = sourcecode.c.objc; name = main.m; path = Free/main.m; sourceTree = "<group>"; };
		79E404161E896F0E00B92988 /* Assets.xcassets */ = {isa = PBXFileReference; lastKnownFileType = folder.assetcatalog; name = Assets.xcassets; path = Free/Assets.xcassets; sourceTree = "<group>"; };
		79E4041B1E896F3700B92988 /* ConsoStore.h */ = {isa = PBXFileReference; fileEncoding = 4; lastKnownFileType = sourcecode.c.h; name = ConsoStore.h; path = Free/Classes/ConsoStore.h; sourceTree = "<group>"; };
		79E4041C1E896F3700B92988 /* ConsoStore.m */ = {isa = PBXFileReference; fileEncoding = 4; lastKnownFileType = sourcecode.c.objc; name = ConsoStore.m; path = Free/Classes/ConsoStore.m; sourceTree = "<group>"; };
		79E4041D1E896F3700B92988 /* CompletionHandler.h */ = {isa = PBXFileReference; fileEncoding = 4; lastKnownFileType = sourcecode.c.h; name = CompletionHandler.h; path = Free/Classes/CompletionHandler.h; sourceTree = "<group>"; };
		79E4041E1E896F3700B92988 /* JsonHelper.h */ = {isa = PBXFileReference; fileEncoding = 4; lastKnownFileType = sourcecode.c.h; name = JsonHelper.h; path = Free/Classes/JsonHelper.h; sourceTree = "<group>"; };
		79E4041F1E896F3700B92988 /* JSONHelper.m */ = {isa = PBXFileReference; fileEncoding = 4; lastKnownFileType = sourcecode.c.objc; name = JSONHelper.m; path = Free/Classes/JSONHelper.m; sourceTree = "<group>"; };
		79E404261E896F3700B92988 /* Conso.h */ = {isa = PBXFileReference; fileEncoding = 4; lastKnownFileType = sourcecode.c.h; name = Conso.h; path = Free/Classes/Conso.h; sourceTree = "<group>"; };
		79E404271E896F3700B92988 /* Conso.m */ = {isa = PBXFileReference; fileEncoding = 4; lastKnownFileType = sourcecode.c.objc; name = Conso.m; path = Free/Classes/Conso.m; sourceTree = "<group>"; };
		79E404281E896F3700B92988 /* SynthetizeSingleton.h */ = {isa = PBXFileReference; fileEncoding = 4; lastKnownFileType = sourcecode.c.h; name = SynthetizeSingleton.h; path = Free/Classes/SynthetizeSingleton.h; sourceTree = "<group>"; };
		79E404291E896F3700B92988 /* ViewHelper2.h */ = {isa = PBXFileReference; fileEncoding = 4; lastKnownFileType = sourcecode.c.h; name = ViewHelper2.h; path = Free/Classes/ViewHelper2.h; sourceTree = "<group>"; };
		79E4042A1E896F3700B92988 /* ViewHelper2.m */ = {isa = PBXFileReference; fileEncoding = 4; lastKnownFileType = sourcecode.c.objc; name = ViewHelper2.m; path = Free/Classes/ViewHelper2.m; sourceTree = "<group>"; };
		79E404361E89700600B92988 /* Configuration.h */ = {isa = PBXFileReference; fileEncoding = 4; lastKnownFileType = sourcecode.c.h; name = Configuration.h; path = Free/Classes/Configuration.h; sourceTree = "<group>"; };
		79E404391E89746300B92988 /* Bill.h */ = {isa = PBXFileReference; fileEncoding = 4; lastKnownFileType = sourcecode.c.h; name = Bill.h; path = Free/Classes/Bill.h; sourceTree = "<group>"; };
		79E4043A1E89746300B92988 /* Bill.m */ = {isa = PBXFileReference; fileEncoding = 4; lastKnownFileType = sourcecode.c.objc; name = Bill.m; path = Free/Classes/Bill.m; sourceTree = "<group>"; };
		79E4043D1E8A6DAB00B92988 /* ConsoController.h */ = {isa = PBXFileReference; fileEncoding = 4; lastKnownFileType = sourcecode.c.h; name = ConsoController.h; path = Free/ConsoController.h; sourceTree = "<group>"; };
		79E4043E1E8A6DAB00B92988 /* ConsoController.m */ = {isa = PBXFileReference; fileEncoding = 4; lastKnownFileType = sourcecode.c.objc; name = ConsoController.m; path = Free/ConsoController.m; sourceTree = "<group>"; };
		79E4043F1E8A6DAB00B92988 /* ConsoController.xib */ = {isa = PBXFileReference; fileEncoding = 4; lastKnownFileType = file.xib; name = ConsoController.xib; path = Free/ConsoController.xib; sourceTree = "<group>"; };
		79E404421E8A718C00B92988 /* ConsoManager.h */ = {isa = PBXFileReference; fileEncoding = 4; lastKnownFileType = sourcecode.c.h; name = ConsoManager.h; path = Free/ConsoManager.h; sourceTree = "<group>"; };
		79E404431E8A718C00B92988 /* ConsoManager.m */ = {isa = PBXFileReference; fileEncoding = 4; lastKnownFileType = sourcecode.c.objc; name = ConsoManager.m; path = Free/ConsoManager.m; sourceTree = "<group>"; };
		79E404451E8A924900B92988 /* Free-Prefix.pch */ = {isa = PBXFileReference; fileEncoding = 4; lastKnownFileType = sourcecode.c.h; name = "Free-Prefix.pch"; path = "Free/Classes/Free-Prefix.pch"; sourceTree = "<group>"; };
		79EB881B1E8C57C1007CA100 /* ConsoCell.h */ = {isa = PBXFileReference; fileEncoding = 4; lastKnownFileType = sourcecode.c.h; name = ConsoCell.h; path = Free/Classes/ConsoCell.h; sourceTree = "<group>"; };
		79EB881C1E8C57C1007CA100 /* ConsoCell.m */ = {isa = PBXFileReference; fileEncoding = 4; lastKnownFileType = sourcecode.c.objc; name = ConsoCell.m; path = Free/Classes/ConsoCell.m; sourceTree = "<group>"; };
		79EB881D1E8C57C1007CA100 /* ConsoCell.xib */ = {isa = PBXFileReference; fileEncoding = 4; lastKnownFileType = file.xib; name = ConsoCell.xib; path = Free/Classes/ConsoCell.xib; sourceTree = "<group>"; };
		926C27861D086829001FBCC2 /* Free.app */ = {isa = PBXFileReference; explicitFileType = wrapper.application; includeInIndex = 0; path = Free.app; sourceTree = BUILT_PRODUCTS_DIR; };
		F1CCE39C5C24BED5870D49EF /* Pods-Free.debug.xcconfig */ = {isa = PBXFileReference; includeInIndex = 1; lastKnownFileType = text.xcconfig; name = "Pods-Free.debug.xcconfig"; path = "Pods/Target Support Files/Pods-Free/Pods-Free.debug.xcconfig"; sourceTree = "<group>"; };
/* End PBXFileReference section */

/* Begin PBXFrameworksBuildPhase section */
		926C27831D086829001FBCC2 /* Frameworks */ = {
			isa = PBXFrameworksBuildPhase;
			buildActionMask = 2147483647;
			files = (
				8DCA4CC3CFCD7E95ECE1F37D /* libPods-Free.a in Frameworks */,
			);
			runOnlyForDeploymentPostprocessing = 0;
		};
/* End PBXFrameworksBuildPhase section */

/* Begin PBXGroup section */
		0A6565B71376901A38B982A8 /* Pods */ = {
			isa = PBXGroup;
			children = (
				F1CCE39C5C24BED5870D49EF /* Pods-Free.debug.xcconfig */,
				32C8D8F740B53C7A1C3BF424 /* Pods-Free.release.xcconfig */,
			);
			name = Pods;
			sourceTree = "<group>";
		};
		7904C5591E8E9025004B51C1 /* Conso Manager */ = {
			isa = PBXGroup;
			children = (
				79E404421E8A718C00B92988 /* ConsoManager.h */,
				79E404431E8A718C00B92988 /* ConsoManager.m */,
			);
			name = "Conso Manager";
			sourceTree = "<group>";
		};
		7904C55A1E8E9036004B51C1 /* Stored Data Manager */ = {
			isa = PBXGroup;
			children = (
				7904C55B1E8E9071004B51C1 /* StoredDataManager.h */,
				7904C55C1E8E9071004B51C1 /* StoredDataManager.m */,
			);
			name = "Stored Data Manager";
			sourceTree = "<group>";
		};
		7994BD8A1EAA4F50007A8641 /* Misc */ = {
			isa = PBXGroup;
			children = (
				7994BD8B1EAA4F69007A8641 /* SnackBarView.h */,
				7994BD8C1EAA4F69007A8641 /* SnackBarView.m */,
			);
			name = Misc;
			sourceTree = "<group>";
		};
		79E404061E896EA400B92988 /* Supporting Files */ = {
			isa = PBXGroup;
			children = (
				79E404451E8A924900B92988 /* Free-Prefix.pch */,
				79E404141E896F0E00B92988 /* Info.plist */,
				79E404151E896F0E00B92988 /* main.m */,
				79E4040F1E896EFE00B92988 /* LaunchScreen.storyboard */,
			);
			name = "Supporting Files";
			sourceTree = "<group>";
		};
		79E404071E896EAC00B92988 /* Common */ = {
			isa = PBXGroup;
			children = (
				79E404361E89700600B92988 /* Configuration.h */,
				79E404331E896F3D00B92988 /* Misc */,
				79E404081E896EB600B92988 /* Domain */,
				79E404091E896EBB00B92988 /* Store */,
				79E4040A1E896EC400B92988 /* Manager */,
				79E4040B1E896ECD00B92988 /* Screen */,
			);
			name = Common;
			sourceTree = "<group>";
		};
		79E404081E896EB600B92988 /* Domain */ = {
			isa = PBXGroup;
			children = (
				79E404371E89742F00B92988 /* Conso */,
				79E404381E89743400B92988 /* Bills */,
			);
			name = Domain;
			sourceTree = "<group>";
		};
		79E404091E896EBB00B92988 /* Store */ = {
			isa = PBXGroup;
			children = (
				79E4043C1E89753E00B92988 /* Conso Store */,
			);
			name = Store;
			sourceTree = "<group>";
		};
		79E4040A1E896EC400B92988 /* Manager */ = {
			isa = PBXGroup;
			children = (
				7904C55A1E8E9036004B51C1 /* Stored Data Manager */,
				7904C5591E8E9025004B51C1 /* Conso Manager */,
			);
			name = Manager;
			sourceTree = "<group>";
		};
		79E4040B1E896ECD00B92988 /* Screen */ = {
			isa = PBXGroup;
			children = (
				7994BD8A1EAA4F50007A8641 /* Misc */,
				79E4040C1E896ED500B92988 /* App Delegate */,
				79E4040E1E896EE300B92988 /* Login */,
				79E4040D1E896EDC00B92988 /* Conso */,
			);
			name = Screen;
			sourceTree = "<group>";
		};
		79E4040C1E896ED500B92988 /* App Delegate */ = {
			isa = PBXGroup;
			children = (
				79E404121E896F0E00B92988 /* AppDelegate.h */,
				79E404131E896F0E00B92988 /* AppDelegate.m */,
			);
			name = "App Delegate";
			sourceTree = "<group>";
		};
		79E4040D1E896EDC00B92988 /* Conso */ = {
			isa = PBXGroup;
			children = (
				79E4043D1E8A6DAB00B92988 /* ConsoController.h */,
				79E4043E1E8A6DAB00B92988 /* ConsoController.m */,
				79E4043F1E8A6DAB00B92988 /* ConsoController.xib */,
				79EB88181E8C5458007CA100 /* Cells */,
			);
			name = Conso;
			sourceTree = "<group>";
		};
		79E4040E1E896EE300B92988 /* Login */ = {
			isa = PBXGroup;
			children = (
				7904C5541E8D50DA004B51C1 /* LoginController.h */,
				7904C5551E8D50DA004B51C1 /* LoginController.m */,
				7904C5561E8D50DA004B51C1 /* LoginController.xib */,
			);
			name = Login;
			sourceTree = "<group>";
		};
		79E404331E896F3D00B92988 /* Misc */ = {
			isa = PBXGroup;
			children = (
				79E404281E896F3700B92988 /* SynthetizeSingleton.h */,
				79E4041D1E896F3700B92988 /* CompletionHandler.h */,
				79E404351E896F4A00B92988 /* JSON Helper */,
				79E404341E896F4300B92988 /* View Helper */,
			);
			name = Misc;
			sourceTree = "<group>";
		};
		79E404341E896F4300B92988 /* View Helper */ = {
			isa = PBXGroup;
			children = (
				79E404291E896F3700B92988 /* ViewHelper2.h */,
				79E4042A1E896F3700B92988 /* ViewHelper2.m */,
			);
			name = "View Helper";
			sourceTree = "<group>";
		};
		79E404351E896F4A00B92988 /* JSON Helper */ = {
			isa = PBXGroup;
			children = (
				79E4041E1E896F3700B92988 /* JsonHelper.h */,
				79E4041F1E896F3700B92988 /* JSONHelper.m */,
			);
			name = "JSON Helper";
			sourceTree = "<group>";
		};
		79E404371E89742F00B92988 /* Conso */ = {
			isa = PBXGroup;
			children = (
				79E404261E896F3700B92988 /* Conso.h */,
				79E404271E896F3700B92988 /* Conso.m */,
			);
			name = Conso;
			sourceTree = "<group>";
		};
		79E404381E89743400B92988 /* Bills */ = {
			isa = PBXGroup;
			children = (
				79E404391E89746300B92988 /* Bill.h */,
				79E4043A1E89746300B92988 /* Bill.m */,
			);
			name = Bills;
			sourceTree = "<group>";
		};
		79E4043C1E89753E00B92988 /* Conso Store */ = {
			isa = PBXGroup;
			children = (
				79E4041B1E896F3700B92988 /* ConsoStore.h */,
				79E4041C1E896F3700B92988 /* ConsoStore.m */,
			);
			name = "Conso Store";
			sourceTree = "<group>";
		};
		79EB88181E8C5458007CA100 /* Cells */ = {
			isa = PBXGroup;
			children = (
				79EB881A1E8C546A007CA100 /* Conso Cell */,
			);
			name = Cells;
			sourceTree = "<group>";
		};
		79EB881A1E8C546A007CA100 /* Conso Cell */ = {
			isa = PBXGroup;
			children = (
				79EB881B1E8C57C1007CA100 /* ConsoCell.h */,
				79EB881C1E8C57C1007CA100 /* ConsoCell.m */,
				79EB881D1E8C57C1007CA100 /* ConsoCell.xib */,
			);
			name = "Conso Cell";
			sourceTree = "<group>";
		};
		90E0D23759945FEFA6C0F4FA /* Frameworks */ = {
			isa = PBXGroup;
			children = (
				5A43548E9D5A9DF427C93177 /* libPods-Free.a */,
			);
			name = Frameworks;
			sourceTree = "<group>";
		};
		926C277D1D086829001FBCC2 = {
			isa = PBXGroup;
			children = (
				79E404071E896EAC00B92988 /* Common */,
				79E404061E896EA400B92988 /* Supporting Files */,
				79E404161E896F0E00B92988 /* Assets.xcassets */,
				926C27871D086829001FBCC2 /* Products */,
				0A6565B71376901A38B982A8 /* Pods */,
				90E0D23759945FEFA6C0F4FA /* Frameworks */,
			);
			sourceTree = "<group>";
		};
		926C27871D086829001FBCC2 /* Products */ = {
			isa = PBXGroup;
			children = (
				926C27861D086829001FBCC2 /* Free.app */,
			);
			name = Products;
			sourceTree = "<group>";
		};
/* End PBXGroup section */

/* Begin PBXNativeTarget section */
		926C27851D086829001FBCC2 /* Free */ = {
			isa = PBXNativeTarget;
			buildConfigurationList = 926C279D1D086829001FBCC2 /* Build configuration list for PBXNativeTarget "Free" */;
			buildPhases = (
				C9B2B931BA0094B6F2C5FE6A /* [CP] Check Pods Manifest.lock */,
				926C27821D086829001FBCC2 /* Sources */,
				926C27831D086829001FBCC2 /* Frameworks */,
				926C27841D086829001FBCC2 /* Resources */,
				35805B85788E5FAE28317431 /* [CP] Embed Pods Frameworks */,
				A6DF123BF0CA72943F9F8C9A /* [CP] Copy Pods Resources */,
				794D91131E7D8020001CAD4F /* Embed Frameworks */,
			);
			buildRules = (
			);
			dependencies = (
			);
			name = Free;
			productName = Free;
			productReference = 926C27861D086829001FBCC2 /* Free.app */;
			productType = "com.apple.product-type.application";
		};
/* End PBXNativeTarget section */

/* Begin PBXProject section */
		926C277E1D086829001FBCC2 /* Project object */ = {
			isa = PBXProject;
			attributes = {
				LastUpgradeCheck = 0800;
				ORGANIZATIONNAME = GENyUS;
				TargetAttributes = {
					926C27851D086829001FBCC2 = {
						CreatedOnToolsVersion = 7.3;
						DevelopmentTeam = QC35MT888M;
						ProvisioningStyle = Manual;
					};
				};
			};
			buildConfigurationList = 926C27811D086829001FBCC2 /* Build configuration list for PBXProject "Free" */;
			compatibilityVersion = "Xcode 3.2";
			developmentRegion = English;
			hasScannedForEncodings = 0;
			knownRegions = (
				en,
				Base,
			);
			mainGroup = 926C277D1D086829001FBCC2;
			productRefGroup = 926C27871D086829001FBCC2 /* Products */;
			projectDirPath = "";
			projectRoot = "";
			targets = (
				926C27851D086829001FBCC2 /* Free */,
			);
		};
/* End PBXProject section */

/* Begin PBXResourcesBuildPhase section */
		926C27841D086829001FBCC2 /* Resources */ = {
			isa = PBXResourcesBuildPhase;
			buildActionMask = 2147483647;
			files = (
				79EB881F1E8C57C2007CA100 /* ConsoCell.xib in Resources */,
				79E4041A1E896F0E00B92988 /* Assets.xcassets in Resources */,
				79E404111E896EFE00B92988 /* LaunchScreen.storyboard in Resources */,
				7904C5581E8D50DA004B51C1 /* LoginController.xib in Resources */,
				79E404411E8A6DAB00B92988 /* ConsoController.xib in Resources */,
			);
			runOnlyForDeploymentPostprocessing = 0;
		};
/* End PBXResourcesBuildPhase section */

/* Begin PBXShellScriptBuildPhase section */
		35805B85788E5FAE28317431 /* [CP] Embed Pods Frameworks */ = {
			isa = PBXShellScriptBuildPhase;
			buildActionMask = 2147483647;
			files = (
			);
			inputPaths = (
			);
			name = "[CP] Embed Pods Frameworks";
			outputPaths = (
			);
			runOnlyForDeploymentPostprocessing = 0;
			shellPath = /bin/sh;
			shellScript = "\"${SRCROOT}/Pods/Target Support Files/Pods-Free/Pods-Free-frameworks.sh\"\n";
			showEnvVarsInLog = 0;
		};
		A6DF123BF0CA72943F9F8C9A /* [CP] Copy Pods Resources */ = {
			isa = PBXShellScriptBuildPhase;
			buildActionMask = 2147483647;
			files = (
			);
			inputPaths = (
			);
			name = "[CP] Copy Pods Resources";
			outputPaths = (
			);
			runOnlyForDeploymentPostprocessing = 0;
			shellPath = /bin/sh;
			shellScript = "\"${SRCROOT}/Pods/Target Support Files/Pods-Free/Pods-Free-resources.sh\"\n";
			showEnvVarsInLog = 0;
		};
		C9B2B931BA0094B6F2C5FE6A /* [CP] Check Pods Manifest.lock */ = {
			isa = PBXShellScriptBuildPhase;
			buildActionMask = 2147483647;
			files = (
			);
			inputPaths = (
			);
			name = "[CP] Check Pods Manifest.lock";
			outputPaths = (
			);
			runOnlyForDeploymentPostprocessing = 0;
			shellPath = /bin/sh;
			shellScript = "diff \"${PODS_ROOT}/../Podfile.lock\" \"${PODS_ROOT}/Manifest.lock\" > /dev/null\nif [ $? != 0 ] ; then\n    # print error to STDERR\n    echo \"error: The sandbox is not in sync with the Podfile.lock. Run 'pod install' or update your CocoaPods installation.\" >&2\n    exit 1\nfi\n";
			showEnvVarsInLog = 0;
		};
/* End PBXShellScriptBuildPhase section */

/* Begin PBXSourcesBuildPhase section */
		926C27821D086829001FBCC2 /* Sources */ = {
			isa = PBXSourcesBuildPhase;
			buildActionMask = 2147483647;
			files = (
				7904C55D1E8E9071004B51C1 /* StoredDataManager.m in Sources */,
				79E4043B1E89746300B92988 /* Bill.m in Sources */,
				7904C5571E8D50DA004B51C1 /* LoginController.m in Sources */,
				79E404191E896F0E00B92988 /* main.m in Sources */,
				79E404401E8A6DAB00B92988 /* ConsoController.m in Sources */,
				79E404311E896F3700B92988 /* Conso.m in Sources */,
				79EB881E1E8C57C2007CA100 /* ConsoCell.m in Sources */,
				79E404441E8A718C00B92988 /* ConsoManager.m in Sources */,
				79E4042C1E896F3700B92988 /* JSONHelper.m in Sources */,
				79E404321E896F3700B92988 /* ViewHelper2.m in Sources */,
				79E4042B1E896F3700B92988 /* ConsoStore.m in Sources */,
				79E404171E896F0E00B92988 /* AppDelegate.m in Sources */,
				7994BD8D1EAA4F69007A8641 /* SnackBarView.m in Sources */,
			);
			runOnlyForDeploymentPostprocessing = 0;
		};
/* End PBXSourcesBuildPhase section */

/* Begin PBXVariantGroup section */
		79E4040F1E896EFE00B92988 /* LaunchScreen.storyboard */ = {
			isa = PBXVariantGroup;
			children = (
				79E404101E896EFE00B92988 /* Base */,
			);
			name = LaunchScreen.storyboard;
			sourceTree = "<group>";
		};
/* End PBXVariantGroup section */

/* Begin XCBuildConfiguration section */
		926C279B1D086829001FBCC2 /* Debug */ = {
			isa = XCBuildConfiguration;
			buildSettings = {
				ALWAYS_SEARCH_USER_PATHS = NO;
				CLANG_ANALYZER_NONNULL = YES;
				CLANG_CXX_LANGUAGE_STANDARD = "gnu++0x";
				CLANG_CXX_LIBRARY = "libc++";
				CLANG_ENABLE_MODULES = YES;
				CLANG_ENABLE_OBJC_ARC = YES;
				CLANG_WARN_BOOL_CONVERSION = YES;
				CLANG_WARN_CONSTANT_CONVERSION = YES;
				CLANG_WARN_DIRECT_OBJC_ISA_USAGE = YES_ERROR;
				CLANG_WARN_EMPTY_BODY = YES;
				CLANG_WARN_ENUM_CONVERSION = YES;
				CLANG_WARN_INFINITE_RECURSION = YES;
				CLANG_WARN_INT_CONVERSION = YES;
				CLANG_WARN_OBJC_ROOT_CLASS = YES_ERROR;
				CLANG_WARN_SUSPICIOUS_MOVE = YES;
				CLANG_WARN_UNREACHABLE_CODE = YES;
				CLANG_WARN__DUPLICATE_METHOD_MATCH = YES;
				"CODE_SIGN_IDENTITY[sdk=iphoneos*]" = "iPhone Developer";
				COPY_PHASE_STRIP = NO;
				DEBUG_INFORMATION_FORMAT = dwarf;
				ENABLE_STRICT_OBJC_MSGSEND = YES;
				ENABLE_TESTABILITY = YES;
				GCC_C_LANGUAGE_STANDARD = gnu99;
				GCC_DYNAMIC_NO_PIC = NO;
				GCC_NO_COMMON_BLOCKS = YES;
				GCC_OPTIMIZATION_LEVEL = 0;
				GCC_PREPROCESSOR_DEFINITIONS = (
					"DEBUG=1",
					"$(inherited)",
				);
				GCC_WARN_64_TO_32_BIT_CONVERSION = YES;
				GCC_WARN_ABOUT_RETURN_TYPE = YES_ERROR;
				GCC_WARN_UNDECLARED_SELECTOR = YES;
				GCC_WARN_UNINITIALIZED_AUTOS = YES_AGGRESSIVE;
				GCC_WARN_UNUSED_FUNCTION = YES;
				GCC_WARN_UNUSED_VARIABLE = YES;
				IPHONEOS_DEPLOYMENT_TARGET = 9.3;
				MTL_ENABLE_DEBUG_INFO = YES;
				ONLY_ACTIVE_ARCH = YES;
				SDKROOT = iphoneos;
			};
			name = Debug;
		};
		926C279C1D086829001FBCC2 /* Release */ = {
			isa = XCBuildConfiguration;
			buildSettings = {
				ALWAYS_SEARCH_USER_PATHS = NO;
				CLANG_ANALYZER_NONNULL = YES;
				CLANG_CXX_LANGUAGE_STANDARD = "gnu++0x";
				CLANG_CXX_LIBRARY = "libc++";
				CLANG_ENABLE_MODULES = YES;
				CLANG_ENABLE_OBJC_ARC = YES;
				CLANG_WARN_BOOL_CONVERSION = YES;
				CLANG_WARN_CONSTANT_CONVERSION = YES;
				CLANG_WARN_DIRECT_OBJC_ISA_USAGE = YES_ERROR;
				CLANG_WARN_EMPTY_BODY = YES;
				CLANG_WARN_ENUM_CONVERSION = YES;
				CLANG_WARN_INFINITE_RECURSION = YES;
				CLANG_WARN_INT_CONVERSION = YES;
				CLANG_WARN_OBJC_ROOT_CLASS = YES_ERROR;
				CLANG_WARN_SUSPICIOUS_MOVE = YES;
				CLANG_WARN_UNREACHABLE_CODE = YES;
				CLANG_WARN__DUPLICATE_METHOD_MATCH = YES;
				"CODE_SIGN_IDENTITY[sdk=iphoneos*]" = "iPhone Developer";
				COPY_PHASE_STRIP = NO;
				DEBUG_INFORMATION_FORMAT = "dwarf-with-dsym";
				ENABLE_NS_ASSERTIONS = NO;
				ENABLE_STRICT_OBJC_MSGSEND = YES;
				GCC_C_LANGUAGE_STANDARD = gnu99;
				GCC_NO_COMMON_BLOCKS = YES;
				GCC_WARN_64_TO_32_BIT_CONVERSION = YES;
				GCC_WARN_ABOUT_RETURN_TYPE = YES_ERROR;
				GCC_WARN_UNDECLARED_SELECTOR = YES;
				GCC_WARN_UNINITIALIZED_AUTOS = YES_AGGRESSIVE;
				GCC_WARN_UNUSED_FUNCTION = YES;
				GCC_WARN_UNUSED_VARIABLE = YES;
				IPHONEOS_DEPLOYMENT_TARGET = 9.3;
				MTL_ENABLE_DEBUG_INFO = NO;
				SDKROOT = iphoneos;
				VALIDATE_PRODUCT = YES;
			};
			name = Release;
		};
		926C279E1D086829001FBCC2 /* Debug */ = {
			isa = XCBuildConfiguration;
			baseConfigurationReference = F1CCE39C5C24BED5870D49EF /* Pods-Free.debug.xcconfig */;
			buildSettings = {
				ASSETCATALOG_COMPILER_APPICON_NAME = AppIcon;
				CODE_SIGN_IDENTITY = "iPhone Developer";
				DEVELOPMENT_TEAM = QC35MT888M;
				FRAMEWORK_SEARCH_PATHS = (
					"$(inherited)",
					"$(PROJECT_DIR)",
				);
				GCC_PRECOMPILE_PREFIX_HEADER = YES;
				GCC_PREFIX_HEADER = "Free/Classes/Free-Prefix.pch";
				INFOPLIST_FILE = Free/Info.plist;
				LD_RUNPATH_SEARCH_PATHS = "$(inherited) @executable_path/Frameworks";
				PRODUCT_BUNDLE_IDENTIFIER = "com.genyus.FreeMobile-Conso";
				PRODUCT_NAME = "$(TARGET_NAME)";
				PROVISIONING_PROFILE = "b0200205-1c5f-442b-8180-d422bcdcb6ec";
				PROVISIONING_PROFILE_SPECIFIER = "Free Conso DEV";
			};
			name = Debug;
		};
		926C279F1D086829001FBCC2 /* Release */ = {
			isa = XCBuildConfiguration;
			baseConfigurationReference = 32C8D8F740B53C7A1C3BF424 /* Pods-Free.release.xcconfig */;
			buildSettings = {
				ASSETCATALOG_COMPILER_APPICON_NAME = AppIcon;
				CODE_SIGN_IDENTITY = "iPhone Distribution";
				DEVELOPMENT_TEAM = QC35MT888M;
				FRAMEWORK_SEARCH_PATHS = (
					"$(inherited)",
					"$(PROJECT_DIR)",
				);
				GCC_PRECOMPILE_PREFIX_HEADER = YES;
				GCC_PREFIX_HEADER = "Free/Classes/Free-Prefix.pch";
				INFOPLIST_FILE = Free/Info.plist;
				LD_RUNPATH_SEARCH_PATHS = "$(inherited) @executable_path/Frameworks";
				PRODUCT_BUNDLE_IDENTIFIER = "com.genyus.FreeMobile-Conso";
				PRODUCT_NAME = "$(TARGET_NAME)";
				PROVISIONING_PROFILE = "aaf00b2f-9dfa-4375-a02a-c6e0a96814f7";
				PROVISIONING_PROFILE_SPECIFIER = "Free Conso APP STORE";
			};
			name = Release;
		};
/* End XCBuildConfiguration section */

/* Begin XCConfigurationList section */
		926C27811D086829001FBCC2 /* Build configuration list for PBXProject "Free" */ = {
			isa = XCConfigurationList;
			buildConfigurations = (
				926C279B1D086829001FBCC2 /* Debug */,
				926C279C1D086829001FBCC2 /* Release */,
			);
			defaultConfigurationIsVisible = 0;
			defaultConfigurationName = Release;
		};
		926C279D1D086829001FBCC2 /* Build configuration list for PBXNativeTarget "Free" */ = {
			isa = XCConfigurationList;
			buildConfigurations = (
				926C279E1D086829001FBCC2 /* Debug */,
				926C279F1D086829001FBCC2 /* Release */,
			);
			defaultConfigurationIsVisible = 0;
			defaultConfigurationName = Release;
		};
/* End XCConfigurationList section */
	};
	rootObject = 926C277E1D086829001FBCC2 /* Project object */;
}
